
Microsoft Visual Studio Solution File, Format Version 12.00
# Visual Studio Version 16
VisualStudioVersion = 16.0.32228.343
MinimumVisualStudioVersion = 10.0.40219.1
Project("{9A19103F-16F7-4668-BE54-9A1E7A4F7556}") = "Purse", "Purse\Purse.csproj", "{B8324403-AB2A-45AA-9DAC-17CACE957C52}"
EndProject
Project("{FAE04EC0-301F-11D3-BF4B-00C04F79EFBC}") = "Money", "Money\Money\Money.csproj", "{F5587207-351D-427F-A854-246F45DEC758}"
EndProject
Global
	GlobalSection(SolutionConfigurationPlatforms) = preSolution
		Debug|Any CPU = Debug|Any CPU
		Release|Any CPU = Release|Any CPU
	EndGlobalSection
	GlobalSection(ProjectConfigurationPlatforms) = postSolution
		{B8324403-AB2A-45AA-9DAC-17CACE957C52}.Debug|Any CPU.ActiveCfg = Debug|Any CPU
		{B8324403-AB2A-45AA-9DAC-17CACE957C52}.Debug|Any CPU.Build.0 = Debug|Any CPU
		{B8324403-AB2A-45AA-9DAC-17CACE957C52}.Release|Any CPU.ActiveCfg = Release|Any CPU
		{B8324403-AB2A-45AA-9DAC-17CACE957C52}.Release|Any CPU.Build.0 = Release|Any CPU
		{F5587207-351D-427F-A854-246F45DEC758}.Debug|Any CPU.ActiveCfg = Debug|Any CPU
		{F5587207-351D-427F-A854-246F45DEC758}.Debug|Any CPU.Build.0 = Debug|Any CPU
		{F5587207-351D-427F-A854-246F45DEC758}.Release|Any CPU.ActiveCfg = Release|Any CPU
		{F5587207-351D-427F-A854-246F45DEC758}.Release|Any CPU.Build.0 = Release|Any CPU
	EndGlobalSection
	GlobalSection(SolutionProperties) = preSolution
		HideSolutionNode = FALSE
	EndGlobalSection
	GlobalSection(ExtensibilityGlobals) = postSolution
		SolutionGuid = {972E9D9A-4D02-49B3-82D6-C64BD30750EF}
	EndGlobalSection
EndGlobal
